
Microsoft Visual Studio Solution File, Format Version 12.00
# Visual Studio 15
VisualStudioVersion = 15.0.27428.2027
MinimumVisualStudioVersion = 10.0.40219.1
Project("{FAE04EC0-301F-11D3-BF4B-00C04F79EFBC}") = "RestaurantPlay2", "RestaurantPlay2\RestaurantPlay2.csproj", "{66B7EB21-591D-4CBC-A9DF-0C1CD93F3DD4}"
EndProject
Project("{FAE04EC0-301F-11D3-BF4B-00C04F79EFBC}") = "DataAccess", "DataAccess\DataAccess.csproj", "{D2DF0273-B46B-4D34-A9CF-1F112B3B4C1E}"
EndProject
Project("{FAE04EC0-301F-11D3-BF4B-00C04F79EFBC}") = "DataAccessConsole", "DataAccessConsole\DataAccessConsole.csproj", "{C5D30DE7-DF6F-4E18-B566-91B4EC29F5FD}"
EndProject
Project("{FAE04EC0-301F-11D3-BF4B-00C04F79EFBC}") = "BusinessLogic", "BusinessLogic\BusinessLogic.csproj", "{0F435B2C-6100-4D52-91B3-FF606ED9AF0B}"
EndProject
Global
	GlobalSection(SolutionConfigurationPlatforms) = preSolution
		Debug|Any CPU = Debug|Any CPU
		Release|Any CPU = Release|Any CPU
	EndGlobalSection
	GlobalSection(ProjectConfigurationPlatforms) = postSolution
		{66B7EB21-591D-4CBC-A9DF-0C1CD93F3DD4}.Debug|Any CPU.ActiveCfg = Debug|Any CPU
		{66B7EB21-591D-4CBC-A9DF-0C1CD93F3DD4}.Debug|Any CPU.Build.0 = Debug|Any CPU
		{66B7EB21-591D-4CBC-A9DF-0C1CD93F3DD4}.Release|Any CPU.ActiveCfg = Release|Any CPU
		{66B7EB21-591D-4CBC-A9DF-0C1CD93F3DD4}.Release|Any CPU.Build.0 = Release|Any CPU
		{D2DF0273-B46B-4D34-A9CF-1F112B3B4C1E}.Debug|Any CPU.ActiveCfg = Debug|Any CPU
		{D2DF0273-B46B-4D34-A9CF-1F112B3B4C1E}.Debug|Any CPU.Build.0 = Debug|Any CPU
		{D2DF0273-B46B-4D34-A9CF-1F112B3B4C1E}.Release|Any CPU.ActiveCfg = Release|Any CPU
		{D2DF0273-B46B-4D34-A9CF-1F112B3B4C1E}.Release|Any CPU.Build.0 = Release|Any CPU
		{C5D30DE7-DF6F-4E18-B566-91B4EC29F5FD}.Debug|Any CPU.ActiveCfg = Debug|Any CPU
		{C5D30DE7-DF6F-4E18-B566-91B4EC29F5FD}.Debug|Any CPU.Build.0 = Debug|Any CPU
		{C5D30DE7-DF6F-4E18-B566-91B4EC29F5FD}.Release|Any CPU.ActiveCfg = Release|Any CPU
		{C5D30DE7-DF6F-4E18-B566-91B4EC29F5FD}.Release|Any CPU.Build.0 = Release|Any CPU
		{0F435B2C-6100-4D52-91B3-FF606ED9AF0B}.Debug|Any CPU.ActiveCfg = Debug|Any CPU
		{0F435B2C-6100-4D52-91B3-FF606ED9AF0B}.Debug|Any CPU.Build.0 = Debug|Any CPU
		{0F435B2C-6100-4D52-91B3-FF606ED9AF0B}.Release|Any CPU.ActiveCfg = Release|Any CPU
		{0F435B2C-6100-4D52-91B3-FF606ED9AF0B}.Release|Any CPU.Build.0 = Release|Any CPU
	EndGlobalSection
	GlobalSection(SolutionProperties) = preSolution
		HideSolutionNode = FALSE
	EndGlobalSection
	GlobalSection(ExtensibilityGlobals) = postSolution
		SolutionGuid = {A6AF99A4-C906-4A41-B07C-4F512A396DEC}
	EndGlobalSection
EndGlobal
